
Microsoft Visual Studio Solution File, Format Version 12.00
# Visual Studio 15
VisualStudioVersion = 15.0.28307.1321
MinimumVisualStudioVersion = 10.0.40219.1
Project("{FAE04EC0-301F-11D3-BF4B-00C04F79EFBC}") = "hexapod_velocity_console", "hexapod_velocity_console\hexapod_velocity_console.csproj", "{536A1875-D986-465A-81FC-BFAD3DF9BD27}"
EndProject
Global
	GlobalSection(SolutionConfigurationPlatforms) = preSolution
		Debug|Any CPU = Debug|Any CPU
		Release|Any CPU = Release|Any CPU
	EndGlobalSection
	GlobalSection(ProjectConfigurationPlatforms) = postSolution
		{536A1875-D986-465A-81FC-BFAD3DF9BD27}.Debug|Any CPU.ActiveCfg = Debug|Any CPU
		{536A1875-D986-465A-81FC-BFAD3DF9BD27}.Debug|Any CPU.Build.0 = Debug|Any CPU
		{536A1875-D986-465A-81FC-BFAD3DF9BD27}.Release|Any CPU.ActiveCfg = Release|Any CPU
		{536A1875-D986-465A-81FC-BFAD3DF9BD27}.Release|Any CPU.Build.0 = Release|Any CPU
	EndGlobalSection
	GlobalSection(SolutionProperties) = preSolution
		HideSolutionNode = FALSE
	EndGlobalSection
	GlobalSection(ExtensibilityGlobals) = postSolution
		SolutionGuid = {635F9B99-4CF5-4062-B7AC-4F896F483EDA}
	EndGlobalSection
EndGlobal
